
Microsoft Visual Studio Solution File, Format Version 12.00
Project("{FAE04EC0-301F-11D3-BF4B-00C04F79EFBC}") = "MarcusW.SharpUtils.Core", "MarcusW.SharpUtils.Core\MarcusW.SharpUtils.Core.csproj", "{62196F5E-D2F2-4A89-AA38-0576F8D9CAD7}"
EndProject
Project("{FAE04EC0-301F-11D3-BF4B-00C04F79EFBC}") = "MarcusW.SharpUtils.Gtk", "MarcusW.SharpUtils.Gtk\MarcusW.SharpUtils.Gtk.csproj", "{1CC444F8-F377-49B3-B52F-082F4E938EFF}"
EndProject
Project("{2150E333-8FDC-42A3-9474-1A3956D46DE8}") = "SolutionItems", "SolutionItems", "{D64605C2-7F7A-4FA4-A90B-0CFB97EEE9F4}"
ProjectSection(SolutionItems) = preProject
	.editorconfig = .editorconfig
	.gitignore = .gitignore
	LICENSE = LICENSE
	README.md = README.md
	ProjectProperties.targets = ProjectProperties.targets
	.circleci\config.yml = .circleci\config.yml
EndProjectSection
EndProject
Project("{FAE04EC0-301F-11D3-BF4B-00C04F79EFBC}") = "MarcusW.SharpUtils.Redis", "MarcusW.SharpUtils.Redis\MarcusW.SharpUtils.Redis.csproj", "{31BC49C2-C1C7-4D55-BB61-FD3E11DC8E12}"
EndProject
Project("{FAE04EC0-301F-11D3-BF4B-00C04F79EFBC}") = "MarcusW.SharpUtils.Core.Tests", "MarcusW.SharpUtils.Core.Tests\MarcusW.SharpUtils.Core.Tests.csproj", "{DD9219D3-FD16-4FD5-B8F4-A35B6B227480}"
EndProject
Project("{FAE04EC0-301F-11D3-BF4B-00C04F79EFBC}") = "MarcusW.SharpUtils.AspNetCore", "MarcusW.SharpUtils.AspNetCore\MarcusW.SharpUtils.AspNetCore.csproj", "{79DA2AB8-4B4C-4861-9840-731A416940D6}"
EndProject
Project("{FAE04EC0-301F-11D3-BF4B-00C04F79EFBC}") = "MarcusW.SharpUtils.AspNetCore.Tests", "MarcusW.SharpUtils.AspNetCore.Tests\MarcusW.SharpUtils.AspNetCore.Tests.csproj", "{8BD46436-F058-4DF0-9323-7A9D12072D12}"
EndProject
Project("{FAE04EC0-301F-11D3-BF4B-00C04F79EFBC}") = "MarcusW.SharpUtils.Validation", "MarcusW.SharpUtils.Validation\MarcusW.SharpUtils.Validation.csproj", "{8AD2B2DF-6FEC-49A5-8309-8EFD5DDD7E30}"
EndProject
Project("{FAE04EC0-301F-11D3-BF4B-00C04F79EFBC}") = "MarcusW.SharpUtils.Validation.Tests", "MarcusW.SharpUtils.Validation.Tests\MarcusW.SharpUtils.Validation.Tests.csproj", "{1309E00B-482E-45E7-8B5D-EE6F23582612}"
EndProject
Global
	GlobalSection(SolutionConfigurationPlatforms) = preSolution
		Debug|Any CPU = Debug|Any CPU
		Release|Any CPU = Release|Any CPU
	EndGlobalSection
	GlobalSection(ProjectConfigurationPlatforms) = postSolution
		{62196F5E-D2F2-4A89-AA38-0576F8D9CAD7}.Debug|Any CPU.ActiveCfg = Debug|Any CPU
		{62196F5E-D2F2-4A89-AA38-0576F8D9CAD7}.Debug|Any CPU.Build.0 = Debug|Any CPU
		{62196F5E-D2F2-4A89-AA38-0576F8D9CAD7}.Release|Any CPU.ActiveCfg = Release|Any CPU
		{62196F5E-D2F2-4A89-AA38-0576F8D9CAD7}.Release|Any CPU.Build.0 = Release|Any CPU
		{1CC444F8-F377-49B3-B52F-082F4E938EFF}.Debug|Any CPU.ActiveCfg = Debug|Any CPU
		{1CC444F8-F377-49B3-B52F-082F4E938EFF}.Debug|Any CPU.Build.0 = Debug|Any CPU
		{1CC444F8-F377-49B3-B52F-082F4E938EFF}.Release|Any CPU.ActiveCfg = Release|Any CPU
		{1CC444F8-F377-49B3-B52F-082F4E938EFF}.Release|Any CPU.Build.0 = Release|Any CPU
		{31BC49C2-C1C7-4D55-BB61-FD3E11DC8E12}.Debug|Any CPU.ActiveCfg = Debug|Any CPU
		{31BC49C2-C1C7-4D55-BB61-FD3E11DC8E12}.Debug|Any CPU.Build.0 = Debug|Any CPU
		{31BC49C2-C1C7-4D55-BB61-FD3E11DC8E12}.Release|Any CPU.ActiveCfg = Release|Any CPU
		{31BC49C2-C1C7-4D55-BB61-FD3E11DC8E12}.Release|Any CPU.Build.0 = Release|Any CPU
		{DD9219D3-FD16-4FD5-B8F4-A35B6B227480}.Debug|Any CPU.ActiveCfg = Debug|Any CPU
		{DD9219D3-FD16-4FD5-B8F4-A35B6B227480}.Debug|Any CPU.Build.0 = Debug|Any CPU
		{DD9219D3-FD16-4FD5-B8F4-A35B6B227480}.Release|Any CPU.ActiveCfg = Release|Any CPU
		{DD9219D3-FD16-4FD5-B8F4-A35B6B227480}.Release|Any CPU.Build.0 = Release|Any CPU
		{79DA2AB8-4B4C-4861-9840-731A416940D6}.Debug|Any CPU.ActiveCfg = Debug|Any CPU
		{79DA2AB8-4B4C-4861-9840-731A416940D6}.Debug|Any CPU.Build.0 = Debug|Any CPU
		{79DA2AB8-4B4C-4861-9840-731A416940D6}.Release|Any CPU.ActiveCfg = Release|Any CPU
		{79DA2AB8-4B4C-4861-9840-731A416940D6}.Release|Any CPU.Build.0 = Release|Any CPU
		{8BD46436-F058-4DF0-9323-7A9D12072D12}.Debug|Any CPU.ActiveCfg = Debug|Any CPU
		{8BD46436-F058-4DF0-9323-7A9D12072D12}.Debug|Any CPU.Build.0 = Debug|Any CPU
		{8BD46436-F058-4DF0-9323-7A9D12072D12}.Release|Any CPU.ActiveCfg = Release|Any CPU
		{8BD46436-F058-4DF0-9323-7A9D12072D12}.Release|Any CPU.Build.0 = Release|Any CPU
		{8AD2B2DF-6FEC-49A5-8309-8EFD5DDD7E30}.Debug|Any CPU.ActiveCfg = Debug|Any CPU
		{8AD2B2DF-6FEC-49A5-8309-8EFD5DDD7E30}.Debug|Any CPU.Build.0 = Debug|Any CPU
		{8AD2B2DF-6FEC-49A5-8309-8EFD5DDD7E30}.Release|Any CPU.ActiveCfg = Release|Any CPU
		{8AD2B2DF-6FEC-49A5-8309-8EFD5DDD7E30}.Release|Any CPU.Build.0 = Release|Any CPU
		{1309E00B-482E-45E7-8B5D-EE6F23582612}.Debug|Any CPU.ActiveCfg = Debug|Any CPU
		{1309E00B-482E-45E7-8B5D-EE6F23582612}.Debug|Any CPU.Build.0 = Debug|Any CPU
		{1309E00B-482E-45E7-8B5D-EE6F23582612}.Release|Any CPU.ActiveCfg = Release|Any CPU
		{1309E00B-482E-45E7-8B5D-EE6F23582612}.Release|Any CPU.Build.0 = Release|Any CPU
	EndGlobalSection
EndGlobal
